Microsoft Visual Studio Solution File, Format Version 11.00
# Visual Studio 2010
Project("{FAE04EC0-301F-11D3-BF4B-00C04F79EFBC}") = "Assembly-CSharp", "Assembly-CSharp.csproj", "{BCDD9B28-3D14-4277-C98F-70C9D25056EC}"
EndProject
Project("{FAE04EC0-301F-11D3-BF4B-00C04F79EFBC}") = "Assembly-CSharp-Editor", "Assembly-CSharp-Editor.csproj", "{1405DBC1-ECAC-A0A6-CF2F-D97EB163C258}"
EndProject
Global
	GlobalSection(SolutionConfigurationPlatforms) = preSolution
		Debug|Any CPU = Debug|Any CPU
		Release|Any CPU = Release|Any CPU
	EndGlobalSection
	GlobalSection(ProjectConfigurationPlatforms) = postSolution
		{BCDD9B28-3D14-4277-C98F-70C9D25056EC}.Debug|Any CPU.ActiveCfg = Debug|Any CPU
		{BCDD9B28-3D14-4277-C98F-70C9D25056EC}.Debug|Any CPU.Build.0 = Debug|Any CPU
		{BCDD9B28-3D14-4277-C98F-70C9D25056EC}.Release|Any CPU.ActiveCfg = Release|Any CPU
		{BCDD9B28-3D14-4277-C98F-70C9D25056EC}.Release|Any CPU.Build.0 = Release|Any CPU
		{1405DBC1-ECAC-A0A6-CF2F-D97EB163C258}.Debug|Any CPU.ActiveCfg = Debug|Any CPU
		{1405DBC1-ECAC-A0A6-CF2F-D97EB163C258}.Debug|Any CPU.Build.0 = Debug|Any CPU
		{1405DBC1-ECAC-A0A6-CF2F-D97EB163C258}.Release|Any CPU.ActiveCfg = Release|Any CPU
		{1405DBC1-ECAC-A0A6-CF2F-D97EB163C258}.Release|Any CPU.Build.0 = Release|Any CPU
	EndGlobalSection
	GlobalSection(SolutionProperties) = preSolution
		HideSolutionNode = FALSE
	EndGlobalSection
EndGlobal
